#include <iostream>
#include <string>

int main() {
    std::string input;
    std::cout << "Enter a string: ";
    std::getline(std::cin, input);

    bool found = false;
    size_t pos = 0;
    while (pos != std::string::npos && !found) {
        pos = input.find_first_of(" \t\n", pos);
        if (pos != std::string::npos) {
            pos++;
            if (input[pos] == 'a') {
                found = true;
            }
        }
    }

    if (found) {
        std::cout << "The string contains a word that begins with 'a'" << std::endl;
    }
    else {
        std::cout << "The string does not contain a word that begins with 'a'" << std::endl;
    }

    return 0;
}
